
Microsoft Visual Studio Solution File, Format Version 12.00
# Visual Studio 14
VisualStudioVersion = 14.0.25420.1
MinimumVisualStudioVersion = 10.0.40219.1
Project("{FAE04EC0-301F-11D3-BF4B-00C04F79EFBC}") = "SFA.DAS.Provider.Events.Submission", "SFA.DAS.Provider.Events.Submission\SFA.DAS.Provider.Events.Submission.csproj", "{A0ED5AC8-2E8D-4F37-951C-66F9B128E79A}"
EndProject
Project("{2150E333-8FDC-42A3-9474-1A3956D46DE8}") = "Submissions", "Submissions", "{E10D1710-C31E-4738-8693-885EA1D3ECE4}"
EndProject
Project("{FAE04EC0-301F-11D3-BF4B-00C04F79EFBC}") = "SFA.DAS.Provider.Events.Submission.UnitTests", "SFA.DAS.Provider.Events.Submission.UnitTests\SFA.DAS.Provider.Events.Submission.UnitTests.csproj", "{DD3BB96D-6257-4EF6-A804-282DEA31A1DC}"
EndProject
Project("{2150E333-8FDC-42A3-9474-1A3956D46DE8}") = "sql", "sql", "{CC4EE84E-1CBE-4FE7-A3EE-C6026BE0F7DF}"
EndProject
Project("{2150E333-8FDC-42A3-9474-1A3956D46DE8}") = "ddl", "ddl", "{9CA6F09C-9DCF-4A75-819E-B9FBA3B73089}"
	ProjectSection(SolutionItems) = preProject
		DeploySubmissions\Sql\ddl\submissions.deds.ddl.tables.sql = DeploySubmissions\Sql\ddl\submissions.deds.ddl.tables.sql
		DeploySubmissions\Sql\ddl\submissions.transient.ddl.functions.sql = DeploySubmissions\Sql\ddl\submissions.transient.ddl.functions.sql
		DeploySubmissions\Sql\ddl\submissions.transient.ddl.tables.sql = DeploySubmissions\Sql\ddl\submissions.transient.ddl.tables.sql
		DeploySubmissions\Sql\ddl\submissions.transient.ddl.views.sql = DeploySubmissions\Sql\ddl\submissions.transient.ddl.views.sql
	EndProjectSection
EndProject
Project("{2150E333-8FDC-42A3-9474-1A3956D46DE8}") = "dml", "dml", "{E3F58A12-AF3C-4999-8C7B-C38D069EC790}"
	ProjectSection(SolutionItems) = preProject
		DeploySubmissions\Sql\dml\01 submissions.populate.reference.sql = DeploySubmissions\Sql\dml\01 submissions.populate.reference.sql
		DeploySubmissions\Sql\dml\02 submissions.populate.submissions.sql = DeploySubmissions\Sql\dml\02 submissions.populate.submissions.sql
	EndProjectSection
EndProject
Project("{2150E333-8FDC-42A3-9474-1A3956D46DE8}") = "Tests", "Tests", "{F6C3B67B-9BFD-4CA9-82D8-21E142F4D8B0}"
EndProject
Project("{FAE04EC0-301F-11D3-BF4B-00C04F79EFBC}") = "SFA.DAS.Provider.Events.Submission.IntegrationTests", "SFA.DAS.Provider.Events.Submission.IntegrationTests\SFA.DAS.Provider.Events.Submission.IntegrationTests.csproj", "{2EFC4146-CCA9-4B3F-8921-76EC2B5B4C68}"
EndProject
Project("{2150E333-8FDC-42A3-9474-1A3956D46DE8}") = "DataLock", "DataLock", "{004E9717-B703-46BF-BBCC-FE390CE0192D}"
EndProject
Project("{FAE04EC0-301F-11D3-BF4B-00C04F79EFBC}") = "SFA.DAS.Provider.Events.DataLock", "SFA.DAS.Provider.Events.DataLock\SFA.DAS.Provider.Events.DataLock.csproj", "{FA1F038D-F0A5-4A3E-A642-62D294E5521D}"
EndProject
Project("{2150E333-8FDC-42A3-9474-1A3956D46DE8}") = "sql", "sql", "{9DB243FF-B759-44BA-B214-0883F1DF420D}"
EndProject
Project("{2150E333-8FDC-42A3-9474-1A3956D46DE8}") = "Tests", "Tests", "{144D3C62-D0BE-4650-8569-604103E07345}"
EndProject
Project("{2150E333-8FDC-42A3-9474-1A3956D46DE8}") = "ddl", "ddl", "{8DB91691-7F7A-424C-86F2-BE76A6FD5B0F}"
	ProjectSection(SolutionItems) = preProject
		DeployDataLock\sql\ddl\datalock.deds.ddl.tables.sql = DeployDataLock\sql\ddl\datalock.deds.ddl.tables.sql
		DeployDataLock\sql\ddl\datalock.transient.ddl.tables.sql = DeployDataLock\sql\ddl\datalock.transient.ddl.tables.sql
		DeployDataLock\sql\ddl\datalock.transient.ddl.views.sql = DeployDataLock\sql\ddl\datalock.transient.ddl.views.sql
	EndProjectSection
EndProject
Project("{2150E333-8FDC-42A3-9474-1A3956D46DE8}") = "dml", "dml", "{6A3B6C2E-062C-4639-B2AD-18500D395520}"
	ProjectSection(SolutionItems) = preProject
		DeployDataLock\sql\dml\01 datalock.populate.reference.provider.periodend.sql = DeployDataLock\sql\dml\01 datalock.populate.reference.provider.periodend.sql
		DeployDataLock\sql\dml\01 datalock.populate.reference.provider.submission.sql = DeployDataLock\sql\dml\01 datalock.populate.reference.provider.submission.sql
		DeployDataLock\sql\dml\02 datalock.populate.reference.input.sql = DeployDataLock\sql\dml\02 datalock.populate.reference.input.sql
		DeployDataLock\sql\dml\03 datalock.populate.reference.history.sql = DeployDataLock\sql\dml\03 datalock.populate.reference.history.sql
	EndProjectSection
EndProject
Project("{FAE04EC0-301F-11D3-BF4B-00C04F79EFBC}") = "SFA.DAS.Provider.Events.DataLock.UnitTests", "SFA.DAS.Provider.Events.DataLock.UnitTests\SFA.DAS.Provider.Events.DataLock.UnitTests.csproj", "{5011105D-1ED2-4682-A53E-61CF8A2FF902}"
EndProject
Project("{FAE04EC0-301F-11D3-BF4B-00C04F79EFBC}") = "SFA.DAS.Provider.Events.DataLock.IntegrationTests", "SFA.DAS.Provider.Events.DataLock.IntegrationTests\SFA.DAS.Provider.Events.DataLock.IntegrationTests.csproj", "{2A595E5F-955C-4B4A-B99F-36F6F4E7D076}"
EndProject
Global
	GlobalSection(SolutionConfigurationPlatforms) = preSolution
		Debug|Any CPU = Debug|Any CPU
		Release|Any CPU = Release|Any CPU
	EndGlobalSection
	GlobalSection(ProjectConfigurationPlatforms) = postSolution
		{A0ED5AC8-2E8D-4F37-951C-66F9B128E79A}.Debug|Any CPU.ActiveCfg = Debug|Any CPU
		{A0ED5AC8-2E8D-4F37-951C-66F9B128E79A}.Debug|Any CPU.Build.0 = Debug|Any CPU
		{A0ED5AC8-2E8D-4F37-951C-66F9B128E79A}.Release|Any CPU.ActiveCfg = Release|Any CPU
		{A0ED5AC8-2E8D-4F37-951C-66F9B128E79A}.Release|Any CPU.Build.0 = Release|Any CPU
		{DD3BB96D-6257-4EF6-A804-282DEA31A1DC}.Debug|Any CPU.ActiveCfg = Debug|Any CPU
		{DD3BB96D-6257-4EF6-A804-282DEA31A1DC}.Debug|Any CPU.Build.0 = Debug|Any CPU
		{DD3BB96D-6257-4EF6-A804-282DEA31A1DC}.Release|Any CPU.ActiveCfg = Release|Any CPU
		{DD3BB96D-6257-4EF6-A804-282DEA31A1DC}.Release|Any CPU.Build.0 = Release|Any CPU
		{2EFC4146-CCA9-4B3F-8921-76EC2B5B4C68}.Debug|Any CPU.ActiveCfg = Debug|Any CPU
		{2EFC4146-CCA9-4B3F-8921-76EC2B5B4C68}.Debug|Any CPU.Build.0 = Debug|Any CPU
		{2EFC4146-CCA9-4B3F-8921-76EC2B5B4C68}.Release|Any CPU.ActiveCfg = Release|Any CPU
		{2EFC4146-CCA9-4B3F-8921-76EC2B5B4C68}.Release|Any CPU.Build.0 = Release|Any CPU
		{FA1F038D-F0A5-4A3E-A642-62D294E5521D}.Debug|Any CPU.ActiveCfg = Debug|Any CPU
		{FA1F038D-F0A5-4A3E-A642-62D294E5521D}.Debug|Any CPU.Build.0 = Debug|Any CPU
		{FA1F038D-F0A5-4A3E-A642-62D294E5521D}.Release|Any CPU.ActiveCfg = Release|Any CPU
		{FA1F038D-F0A5-4A3E-A642-62D294E5521D}.Release|Any CPU.Build.0 = Release|Any CPU
		{5011105D-1ED2-4682-A53E-61CF8A2FF902}.Debug|Any CPU.ActiveCfg = Debug|Any CPU
		{5011105D-1ED2-4682-A53E-61CF8A2FF902}.Debug|Any CPU.Build.0 = Debug|Any CPU
		{5011105D-1ED2-4682-A53E-61CF8A2FF902}.Release|Any CPU.ActiveCfg = Release|Any CPU
		{5011105D-1ED2-4682-A53E-61CF8A2FF902}.Release|Any CPU.Build.0 = Release|Any CPU
		{2A595E5F-955C-4B4A-B99F-36F6F4E7D076}.Debug|Any CPU.ActiveCfg = Debug|Any CPU
		{2A595E5F-955C-4B4A-B99F-36F6F4E7D076}.Debug|Any CPU.Build.0 = Debug|Any CPU
		{2A595E5F-955C-4B4A-B99F-36F6F4E7D076}.Release|Any CPU.ActiveCfg = Release|Any CPU
		{2A595E5F-955C-4B4A-B99F-36F6F4E7D076}.Release|Any CPU.Build.0 = Release|Any CPU
	EndGlobalSection
	GlobalSection(SolutionProperties) = preSolution
		HideSolutionNode = FALSE
	EndGlobalSection
	GlobalSection(NestedProjects) = preSolution
		{A0ED5AC8-2E8D-4F37-951C-66F9B128E79A} = {E10D1710-C31E-4738-8693-885EA1D3ECE4}
		{DD3BB96D-6257-4EF6-A804-282DEA31A1DC} = {F6C3B67B-9BFD-4CA9-82D8-21E142F4D8B0}
		{CC4EE84E-1CBE-4FE7-A3EE-C6026BE0F7DF} = {E10D1710-C31E-4738-8693-885EA1D3ECE4}
		{9CA6F09C-9DCF-4A75-819E-B9FBA3B73089} = {CC4EE84E-1CBE-4FE7-A3EE-C6026BE0F7DF}
		{E3F58A12-AF3C-4999-8C7B-C38D069EC790} = {CC4EE84E-1CBE-4FE7-A3EE-C6026BE0F7DF}
		{F6C3B67B-9BFD-4CA9-82D8-21E142F4D8B0} = {E10D1710-C31E-4738-8693-885EA1D3ECE4}
		{2EFC4146-CCA9-4B3F-8921-76EC2B5B4C68} = {F6C3B67B-9BFD-4CA9-82D8-21E142F4D8B0}
		{FA1F038D-F0A5-4A3E-A642-62D294E5521D} = {004E9717-B703-46BF-BBCC-FE390CE0192D}
		{9DB243FF-B759-44BA-B214-0883F1DF420D} = {004E9717-B703-46BF-BBCC-FE390CE0192D}
		{144D3C62-D0BE-4650-8569-604103E07345} = {004E9717-B703-46BF-BBCC-FE390CE0192D}
		{8DB91691-7F7A-424C-86F2-BE76A6FD5B0F} = {9DB243FF-B759-44BA-B214-0883F1DF420D}
		{6A3B6C2E-062C-4639-B2AD-18500D395520} = {9DB243FF-B759-44BA-B214-0883F1DF420D}
		{5011105D-1ED2-4682-A53E-61CF8A2FF902} = {144D3C62-D0BE-4650-8569-604103E07345}
		{2A595E5F-955C-4B4A-B99F-36F6F4E7D076} = {144D3C62-D0BE-4650-8569-604103E07345}
	EndGlobalSection
EndGlobal
