
Microsoft Visual Studio Solution File, Format Version 12.00
# Visual Studio 15
VisualStudioVersion = 15.0.27130.2027
MinimumVisualStudioVersion = 10.0.40219.1
Project("{FAE04EC0-301F-11D3-BF4B-00C04F79EFBC}") = "SFA.DAS.Provider.Events.Api", "SFA.DAS.Provider.Events.Api\SFA.DAS.Provider.Events.Api.csproj", "{D1F5FBBB-3E25-44AA-9D4E-4F822EDFC767}"
EndProject
Project("{FAE04EC0-301F-11D3-BF4B-00C04F79EFBC}") = "SFA.DAS.Provider.Events.Application", "SFA.DAS.Provider.Events.Application\SFA.DAS.Provider.Events.Application.csproj", "{5DF95FFE-D3ED-4EB9-9797-8056142E7591}"
EndProject
Project("{FAE04EC0-301F-11D3-BF4B-00C04F79EFBC}") = "SFA.DAS.Provider.Events.Infrastructure", "SFA.DAS.Provider.Events.Infrastructure\SFA.DAS.Provider.Events.Infrastructure.csproj", "{960BB861-896A-4EEC-870C-BF03227848FD}"
EndProject
Project("{2150E333-8FDC-42A3-9474-1A3956D46DE8}") = "Tests", "Tests", "{6A018802-06F9-444D-8D38-B71E58F77766}"
EndProject
Project("{FAE04EC0-301F-11D3-BF4B-00C04F79EFBC}") = "SFA.DAS.Provider.Events.Api.UnitTests", "SFA.DAS.Provider.Events.Api.UnitTests\SFA.DAS.Provider.Events.Api.UnitTests.csproj", "{728ABBE1-C547-49E0-8560-1DEC6C94EE96}"
EndProject
Project("{2150E333-8FDC-42A3-9474-1A3956D46DE8}") = "Build", "Build", "{DAFC5414-B8A0-433A-B50E-367087ABD671}"
	ProjectSection(SolutionItems) = preProject
		Build.fsx = Build.fsx
		RunBuild.bat = RunBuild.bat
	EndProjectSection
EndProject
Project("{FAE04EC0-301F-11D3-BF4B-00C04F79EFBC}") = "SFA.DAS.Provider.Events.Api.Types", "SFA.DAS.Provider.Events.Api.Types\SFA.DAS.Provider.Events.Api.Types.csproj", "{A557E17C-EB78-4F2E-AC2A-CCACDC2C3172}"
EndProject
Project("{FAE04EC0-301F-11D3-BF4B-00C04F79EFBC}") = "SFA.DAS.Provider.Events.Application.UnitTests", "SFA.DAS.Provider.Events.Application.UnitTests\SFA.DAS.Provider.Events.Application.UnitTests.csproj", "{E0700D0C-C7CA-41EF-97C6-469134028D21}"
EndProject
Project("{FAE04EC0-301F-11D3-BF4B-00C04F79EFBC}") = "SFA.DAS.Provider.Events.Api.Client", "SFA.DAS.Provider.Events.Api.Client\SFA.DAS.Provider.Events.Api.Client.csproj", "{6D476BEC-D466-43D8-BAA9-683A68B41DCA}"
EndProject
Project("{FAE04EC0-301F-11D3-BF4B-00C04F79EFBC}") = "SFA.DAS.Provider.Events.Api.Client.UnitTests", "SFA.DAS.Provider.Events.Api.Client.UnitTests\SFA.DAS.Provider.Events.Api.Client.UnitTests.csproj", "{8471FD9B-3C0E-47BD-80EB-E5DB482C214B}"
EndProject
Project("{CC5FD16D-436D-48AD-A40C-5A424C6E3E79}") = "CloudService", "CloudService\CloudService.ccproj", "{8C7F6755-FEE5-4644-A181-E4F860C762DF}"
EndProject
Project("{FAE04EC0-301F-11D3-BF4B-00C04F79EFBC}") = "SFA.DAS.Provider.Events.Api.IntegrationTests", "SFA.DAS.Provider.Events.Api.IntegrationTests\SFA.DAS.Provider.Events.Api.IntegrationTests.csproj", "{C719C1E6-6AE7-40E8-867D-94B760207057}"
EndProject
Project("{FAE04EC0-301F-11D3-BF4B-00C04F79EFBC}") = "SFA.DAS.Provider.Events.DataLockEventWorker.IntegrationTests", "SFA.DAS.Provider.Events.DataLockEventWorker.IntegrationTests\SFA.DAS.Provider.Events.DataLockEventWorker.IntegrationTests.csproj", "{953DC260-916D-4A71-84D9-2297E2A1AA1B}"
EndProject
Project("{FAE04EC0-301F-11D3-BF4B-00C04F79EFBC}") = "SFA.DAS.Provider.Events.DataLockEventWorker.UnitTests", "SFA.DAS.Provider.Events.DataLockEventWorker.UnitTests\SFA.DAS.Provider.Events.DataLockEventWorker.UnitTests.csproj", "{7B281B9B-F357-4F2B-A3D4-013D90858DFD}"
EndProject
Project("{FAE04EC0-301F-11D3-BF4B-00C04F79EFBC}") = "SFA.DAS.Provider.Events.DataLockEventWorker", "SFA.DAS.Provider.Events.DataLockEventWorker\SFA.DAS.Provider.Events.DataLockEventWorker.csproj", "{7FD2ED0E-F998-4395-A792-0721F467D345}"
EndProject
Project("{00D1A9C2-B5F0-4AF3-8072-F6C62B433612}") = "SFA.DAS.Provider.Events.DataLockEventsDatabase", "SFA.DAS.Provider.Events.DataLockEventsDatabase\SFA.DAS.Provider.Events.DataLockEventsDatabase.sqlproj", "{340F464D-596B-4469-94FB-2CB59B3AA72D}"
EndProject
Global
	GlobalSection(SolutionConfigurationPlatforms) = preSolution
		Debug|Any CPU = Debug|Any CPU
		Release|Any CPU = Release|Any CPU
	EndGlobalSection
	GlobalSection(ProjectConfigurationPlatforms) = postSolution
		{D1F5FBBB-3E25-44AA-9D4E-4F822EDFC767}.Debug|Any CPU.ActiveCfg = Debug|Any CPU
		{D1F5FBBB-3E25-44AA-9D4E-4F822EDFC767}.Debug|Any CPU.Build.0 = Debug|Any CPU
		{D1F5FBBB-3E25-44AA-9D4E-4F822EDFC767}.Release|Any CPU.ActiveCfg = Release|Any CPU
		{D1F5FBBB-3E25-44AA-9D4E-4F822EDFC767}.Release|Any CPU.Build.0 = Release|Any CPU
		{5DF95FFE-D3ED-4EB9-9797-8056142E7591}.Debug|Any CPU.ActiveCfg = Debug|Any CPU
		{5DF95FFE-D3ED-4EB9-9797-8056142E7591}.Debug|Any CPU.Build.0 = Debug|Any CPU
		{5DF95FFE-D3ED-4EB9-9797-8056142E7591}.Release|Any CPU.ActiveCfg = Release|Any CPU
		{5DF95FFE-D3ED-4EB9-9797-8056142E7591}.Release|Any CPU.Build.0 = Release|Any CPU
		{960BB861-896A-4EEC-870C-BF03227848FD}.Debug|Any CPU.ActiveCfg = Debug|Any CPU
		{960BB861-896A-4EEC-870C-BF03227848FD}.Debug|Any CPU.Build.0 = Debug|Any CPU
		{960BB861-896A-4EEC-870C-BF03227848FD}.Release|Any CPU.ActiveCfg = Release|Any CPU
		{960BB861-896A-4EEC-870C-BF03227848FD}.Release|Any CPU.Build.0 = Release|Any CPU
		{728ABBE1-C547-49E0-8560-1DEC6C94EE96}.Debug|Any CPU.ActiveCfg = Debug|Any CPU
		{728ABBE1-C547-49E0-8560-1DEC6C94EE96}.Debug|Any CPU.Build.0 = Debug|Any CPU
		{728ABBE1-C547-49E0-8560-1DEC6C94EE96}.Release|Any CPU.ActiveCfg = Release|Any CPU
		{728ABBE1-C547-49E0-8560-1DEC6C94EE96}.Release|Any CPU.Build.0 = Release|Any CPU
		{A557E17C-EB78-4F2E-AC2A-CCACDC2C3172}.Debug|Any CPU.ActiveCfg = Debug|Any CPU
		{A557E17C-EB78-4F2E-AC2A-CCACDC2C3172}.Debug|Any CPU.Build.0 = Debug|Any CPU
		{A557E17C-EB78-4F2E-AC2A-CCACDC2C3172}.Release|Any CPU.ActiveCfg = Release|Any CPU
		{A557E17C-EB78-4F2E-AC2A-CCACDC2C3172}.Release|Any CPU.Build.0 = Release|Any CPU
		{E0700D0C-C7CA-41EF-97C6-469134028D21}.Debug|Any CPU.ActiveCfg = Debug|Any CPU
		{E0700D0C-C7CA-41EF-97C6-469134028D21}.Debug|Any CPU.Build.0 = Debug|Any CPU
		{E0700D0C-C7CA-41EF-97C6-469134028D21}.Release|Any CPU.ActiveCfg = Release|Any CPU
		{E0700D0C-C7CA-41EF-97C6-469134028D21}.Release|Any CPU.Build.0 = Release|Any CPU
		{6D476BEC-D466-43D8-BAA9-683A68B41DCA}.Debug|Any CPU.ActiveCfg = Debug|Any CPU
		{6D476BEC-D466-43D8-BAA9-683A68B41DCA}.Debug|Any CPU.Build.0 = Debug|Any CPU
		{6D476BEC-D466-43D8-BAA9-683A68B41DCA}.Release|Any CPU.ActiveCfg = Release|Any CPU
		{6D476BEC-D466-43D8-BAA9-683A68B41DCA}.Release|Any CPU.Build.0 = Release|Any CPU
		{8471FD9B-3C0E-47BD-80EB-E5DB482C214B}.Debug|Any CPU.ActiveCfg = Debug|Any CPU
		{8471FD9B-3C0E-47BD-80EB-E5DB482C214B}.Debug|Any CPU.Build.0 = Debug|Any CPU
		{8471FD9B-3C0E-47BD-80EB-E5DB482C214B}.Release|Any CPU.ActiveCfg = Release|Any CPU
		{8471FD9B-3C0E-47BD-80EB-E5DB482C214B}.Release|Any CPU.Build.0 = Release|Any CPU
		{8C7F6755-FEE5-4644-A181-E4F860C762DF}.Debug|Any CPU.ActiveCfg = Debug|Any CPU
		{8C7F6755-FEE5-4644-A181-E4F860C762DF}.Debug|Any CPU.Build.0 = Debug|Any CPU
		{8C7F6755-FEE5-4644-A181-E4F860C762DF}.Release|Any CPU.ActiveCfg = Release|Any CPU
		{8C7F6755-FEE5-4644-A181-E4F860C762DF}.Release|Any CPU.Build.0 = Release|Any CPU
		{C719C1E6-6AE7-40E8-867D-94B760207057}.Debug|Any CPU.ActiveCfg = Debug|Any CPU
		{C719C1E6-6AE7-40E8-867D-94B760207057}.Debug|Any CPU.Build.0 = Debug|Any CPU
		{C719C1E6-6AE7-40E8-867D-94B760207057}.Release|Any CPU.ActiveCfg = Release|Any CPU
		{C719C1E6-6AE7-40E8-867D-94B760207057}.Release|Any CPU.Build.0 = Release|Any CPU
		{953DC260-916D-4A71-84D9-2297E2A1AA1B}.Debug|Any CPU.ActiveCfg = Debug|Any CPU
		{953DC260-916D-4A71-84D9-2297E2A1AA1B}.Debug|Any CPU.Build.0 = Debug|Any CPU
		{953DC260-916D-4A71-84D9-2297E2A1AA1B}.Release|Any CPU.ActiveCfg = Release|Any CPU
		{953DC260-916D-4A71-84D9-2297E2A1AA1B}.Release|Any CPU.Build.0 = Release|Any CPU
		{7B281B9B-F357-4F2B-A3D4-013D90858DFD}.Debug|Any CPU.ActiveCfg = Debug|Any CPU
		{7B281B9B-F357-4F2B-A3D4-013D90858DFD}.Debug|Any CPU.Build.0 = Debug|Any CPU
		{7B281B9B-F357-4F2B-A3D4-013D90858DFD}.Release|Any CPU.ActiveCfg = Release|Any CPU
		{7B281B9B-F357-4F2B-A3D4-013D90858DFD}.Release|Any CPU.Build.0 = Release|Any CPU
		{7FD2ED0E-F998-4395-A792-0721F467D345}.Debug|Any CPU.ActiveCfg = Debug|Any CPU
		{7FD2ED0E-F998-4395-A792-0721F467D345}.Debug|Any CPU.Build.0 = Debug|Any CPU
		{7FD2ED0E-F998-4395-A792-0721F467D345}.Release|Any CPU.ActiveCfg = Release|Any CPU
		{7FD2ED0E-F998-4395-A792-0721F467D345}.Release|Any CPU.Build.0 = Release|Any CPU
		{340F464D-596B-4469-94FB-2CB59B3AA72D}.Debug|Any CPU.ActiveCfg = Debug|Any CPU
		{340F464D-596B-4469-94FB-2CB59B3AA72D}.Debug|Any CPU.Build.0 = Debug|Any CPU
		{340F464D-596B-4469-94FB-2CB59B3AA72D}.Debug|Any CPU.Deploy.0 = Debug|Any CPU
		{340F464D-596B-4469-94FB-2CB59B3AA72D}.Release|Any CPU.ActiveCfg = Release|Any CPU
		{340F464D-596B-4469-94FB-2CB59B3AA72D}.Release|Any CPU.Build.0 = Release|Any CPU
		{340F464D-596B-4469-94FB-2CB59B3AA72D}.Release|Any CPU.Deploy.0 = Release|Any CPU
	EndGlobalSection
	GlobalSection(SolutionProperties) = preSolution
		HideSolutionNode = FALSE
	EndGlobalSection
	GlobalSection(NestedProjects) = preSolution
		{728ABBE1-C547-49E0-8560-1DEC6C94EE96} = {6A018802-06F9-444D-8D38-B71E58F77766}
		{E0700D0C-C7CA-41EF-97C6-469134028D21} = {6A018802-06F9-444D-8D38-B71E58F77766}
		{8471FD9B-3C0E-47BD-80EB-E5DB482C214B} = {6A018802-06F9-444D-8D38-B71E58F77766}
		{C719C1E6-6AE7-40E8-867D-94B760207057} = {6A018802-06F9-444D-8D38-B71E58F77766}
		{953DC260-916D-4A71-84D9-2297E2A1AA1B} = {6A018802-06F9-444D-8D38-B71E58F77766}
		{7B281B9B-F357-4F2B-A3D4-013D90858DFD} = {6A018802-06F9-444D-8D38-B71E58F77766}
	EndGlobalSection
	GlobalSection(ExtensibilityGlobals) = postSolution
		SolutionGuid = {F85067DF-9EC5-4760-9F4D-18CE1A19E68F}
	EndGlobalSection
EndGlobal
